
Microsoft Visual Studio Solution File, Format Version 12.00
# Visual Studio Version 17
VisualStudioVersion = 17.5.33414.496
MinimumVisualStudioVersion = 10.0.40219.1
Project("{8BC9CEB8-8B4A-11D0-8D11-00A0C91BC942}") = "Film", "Film\Film.vcxproj", "{4776617D-C323-4C74-B741-42D6FC5A120C}"
EndProject
Global
	GlobalSection(SolutionConfigurationPlatforms) = preSolution
		Debug|x64 = Debug|x64
		Debug|x86 = Debug|x86
		Release|x64 = Release|x64
		Release|x86 = Release|x86
	EndGlobalSection
	GlobalSection(ProjectConfigurationPlatforms) = postSolution
		{4776617D-C323-4C74-B741-42D6FC5A120C}.Debug|x64.ActiveCfg = Debug|x64
		{4776617D-C323-4C74-B741-42D6FC5A120C}.Debug|x64.Build.0 = Debug|x64
		{4776617D-C323-4C74-B741-42D6FC5A120C}.Debug|x86.ActiveCfg = Debug|Win32
		{4776617D-C323-4C74-B741-42D6FC5A120C}.Debug|x86.Build.0 = Debug|Win32
		{4776617D-C323-4C74-B741-42D6FC5A120C}.Release|x64.ActiveCfg = Release|x64
		{4776617D-C323-4C74-B741-42D6FC5A120C}.Release|x64.Build.0 = Release|x64
		{4776617D-C323-4C74-B741-42D6FC5A120C}.Release|x86.ActiveCfg = Release|Win32
		{4776617D-C323-4C74-B741-42D6FC5A120C}.Release|x86.Build.0 = Release|Win32
	EndGlobalSection
	GlobalSection(SolutionProperties) = preSolution
		HideSolutionNode = FALSE
	EndGlobalSection
	GlobalSection(ExtensibilityGlobals) = postSolution
		SolutionGuid = {68B0190B-5694-45E7-8BB1-89290F07ACC1}
	EndGlobalSection
EndGlobal
